
Microsoft Visual Studio Solution File, Format Version 12.00
# Visual Studio 14
VisualStudioVersion = 14.0.25420.1
MinimumVisualStudioVersion = 10.0.40219.1
Project("{FAE04EC0-301F-11D3-BF4B-00C04F79EFBC}") = "Paytime", "Paytime\Paytime.csproj", "{B4D9CE2A-B665-48C5-ACA1-3602ABCFCB71}"
EndProject
Project("{FAE04EC0-301F-11D3-BF4B-00C04F79EFBC}") = "PaytimeUnitTest", "PaytimeUnitTest\PaytimeUnitTest.csproj", "{B7CC0CD1-8FE5-4017-A0A4-2B314FB9CCD1}"
EndProject
Global
	GlobalSection(SolutionConfigurationPlatforms) = preSolution
		Debug|Any CPU = Debug|Any CPU
		Release|Any CPU = Release|Any CPU
	EndGlobalSection
	GlobalSection(ProjectConfigurationPlatforms) = postSolution
		{B4D9CE2A-B665-48C5-ACA1-3602ABCFCB71}.Debug|Any CPU.ActiveCfg = Debug|Any CPU
		{B4D9CE2A-B665-48C5-ACA1-3602ABCFCB71}.Debug|Any CPU.Build.0 = Debug|Any CPU
		{B4D9CE2A-B665-48C5-ACA1-3602ABCFCB71}.Release|Any CPU.ActiveCfg = Release|Any CPU
		{B4D9CE2A-B665-48C5-ACA1-3602ABCFCB71}.Release|Any CPU.Build.0 = Release|Any CPU
		{B7CC0CD1-8FE5-4017-A0A4-2B314FB9CCD1}.Debug|Any CPU.ActiveCfg = Debug|Any CPU
		{B7CC0CD1-8FE5-4017-A0A4-2B314FB9CCD1}.Debug|Any CPU.Build.0 = Debug|Any CPU
		{B7CC0CD1-8FE5-4017-A0A4-2B314FB9CCD1}.Release|Any CPU.ActiveCfg = Release|Any CPU
		{B7CC0CD1-8FE5-4017-A0A4-2B314FB9CCD1}.Release|Any CPU.Build.0 = Release|Any CPU
	EndGlobalSection
	GlobalSection(SolutionProperties) = preSolution
		HideSolutionNode = FALSE
	EndGlobalSection
EndGlobal
